
Microsoft Visual Studio Solution File, Format Version 12.00
# Visual Studio Version 17
VisualStudioVersion = 17.14.36408.4 d17.14
MinimumVisualStudioVersion = 10.0.40219.1
Project("{FAE04EC0-301F-11D3-BF4B-00C04F79EFBC}") = "LearningManagementSystem", "LearningManagementSystem\LearningManagementSystem.csproj", "{724BBA37-4FD1-4053-A413-E97A4EA1E8DD}"
EndProject
Global
	GlobalSection(SolutionConfigurationPlatforms) = preSolution
		Debug|Any CPU = Debug|Any CPU
		Release|Any CPU = Release|Any CPU
	EndGlobalSection
	GlobalSection(ProjectConfigurationPlatforms) = postSolution
		{724BBA37-4FD1-4053-A413-E97A4EA1E8DD}.Debug|Any CPU.ActiveCfg = Debug|Any CPU
		{724BBA37-4FD1-4053-A413-E97A4EA1E8DD}.Debug|Any CPU.Build.0 = Debug|Any CPU
		{724BBA37-4FD1-4053-A413-E97A4EA1E8DD}.Release|Any CPU.ActiveCfg = Release|Any CPU
		{724BBA37-4FD1-4053-A413-E97A4EA1E8DD}.Release|Any CPU.Build.0 = Release|Any CPU
	EndGlobalSection
	GlobalSection(SolutionProperties) = preSolution
		HideSolutionNode = FALSE
	EndGlobalSection
	GlobalSection(ExtensibilityGlobals) = postSolution
		SolutionGuid = {203F5E3D-A851-4090-B53D-62C7A243C745}
	EndGlobalSection
EndGlobal
